
Microsoft Visual Studio Solution File, Format Version 12.00
# Visual Studio 2012
Project("{FAE04EC0-301F-11D3-BF4B-00C04F79EFBC}") = "InputOutput", "InputOutput\InputOutput.csproj", "{DCBEDED7-6060-4BBA-B2BC-36F2C184C653}"
EndProject
Project("{FAE04EC0-301F-11D3-BF4B-00C04F79EFBC}") = "InputOutput.UnitTest", "InputOutput.UnitTest\InputOutput.UnitTest.csproj", "{822D3943-E542-4F78-9D1C-F360B48D7A20}"
EndProject
Global
	GlobalSection(SolutionConfigurationPlatforms) = preSolution
		Debug|Any CPU = Debug|Any CPU
		Release|Any CPU = Release|Any CPU
	EndGlobalSection
	GlobalSection(ProjectConfigurationPlatforms) = postSolution
		{DCBEDED7-6060-4BBA-B2BC-36F2C184C653}.Debug|Any CPU.ActiveCfg = Debug|Any CPU
		{DCBEDED7-6060-4BBA-B2BC-36F2C184C653}.Debug|Any CPU.Build.0 = Debug|Any CPU
		{DCBEDED7-6060-4BBA-B2BC-36F2C184C653}.Release|Any CPU.ActiveCfg = Release|Any CPU
		{DCBEDED7-6060-4BBA-B2BC-36F2C184C653}.Release|Any CPU.Build.0 = Release|Any CPU
		{822D3943-E542-4F78-9D1C-F360B48D7A20}.Debug|Any CPU.ActiveCfg = Debug|Any CPU
		{822D3943-E542-4F78-9D1C-F360B48D7A20}.Debug|Any CPU.Build.0 = Debug|Any CPU
		{822D3943-E542-4F78-9D1C-F360B48D7A20}.Release|Any CPU.ActiveCfg = Release|Any CPU
		{822D3943-E542-4F78-9D1C-F360B48D7A20}.Release|Any CPU.Build.0 = Release|Any CPU
	EndGlobalSection
	GlobalSection(SolutionProperties) = preSolution
		HideSolutionNode = FALSE
	EndGlobalSection
EndGlobal
